// !$*UTF8*$!
{
	archiveVersion = 1;
	classes = {
	};
	objectVersion = 48;
	objects = {

/* Begin PBXBuildFile section */
		98E1BAD227E4D08300C6EC42 /* AZAPicker.swift in Sources */ = {isa = PBXBuildFile; fileRef = 98E1BACC27E4D08300C6EC42 /* AZAPicker.swift */; };
		98E1BAD327E4D08300C6EC42 /* PickerView.swift in Sources */ = {isa = PBXBuildFile; fileRef = 98E1BACD27E4D08300C6EC42 /* PickerView.swift */; };
		98E1BAD427E4D08300C6EC42 /* AZAPicker.h in Headers */ = {isa = PBXBuildFile; fileRef = 98E1BACE27E4D08300C6EC42 /* AZAPicker.h */; };
		98E1BAD527E4D08300C6EC42 /* HelperFunctions.swift in Sources */ = {isa = PBXBuildFile; fileRef = 98E1BACF27E4D08300C6EC42 /* HelperFunctions.swift */; };
		98E1BAD627E4D08300C6EC42 /* AZAPickerConfiguration.swift in Sources */ = {isa = PBXBuildFile; fileRef = 98E1BAD027E4D08300C6EC42 /* AZAPickerConfiguration.swift */; };
		98E1BAD727E4D08300C6EC42 /* Info.plist in Resources */ = {isa = PBXBuildFile; fileRef = 98E1BAD127E4D08300C6EC42 /* Info.plist */; };
		98E1BADC27E4D09F00C6EC42 /* AZAPickerTests.swift in Sources */ = {isa = PBXBuildFile; fileRef = 98E1BADA27E4D09F00C6EC42 /* AZAPickerTests.swift */; };
		98E1BADD27E4D09F00C6EC42 /* Info.plist in Resources */ = {isa = PBXBuildFile; fileRef = 98E1BADB27E4D09F00C6EC42 /* Info.plist */; };
		F94C945F1FD1656A005A3DF1 /* AZAPicker.framework in Frameworks */ = {isa = PBXBuildFile; fileRef = F94C94551FD16569005A3DF1 /* AZAPicker.framework */; };
/* End PBXBuildFile section */

/* Begin PBXContainerItemProxy section */
		F94C94601FD1656A005A3DF1 /* PBXContainerItemProxy */ = {
			isa = PBXContainerItemProxy;
			containerPortal = F94C944C1FD16569005A3DF1 /* Project object */;
			proxyType = 1;
			remoteGlobalIDString = F94C94541FD16569005A3DF1;
			remoteInfo = AZAPicker;
		};
/* End PBXContainerItemProxy section */

/* Begin PBXFileReference section */
		98E1BACC27E4D08300C6EC42 /* AZAPicker.swift */ = {isa = PBXFileReference; fileEncoding = 4; lastKnownFileType = sourcecode.swift; path = AZAPicker.swift; sourceTree = "<group>"; };
		98E1BACD27E4D08300C6EC42 /* PickerView.swift */ = {isa = PBXFileReference; fileEncoding = 4; lastKnownFileType = sourcecode.swift; path = PickerView.swift; sourceTree = "<group>"; };
		98E1BACE27E4D08300C6EC42 /* AZAPicker.h */ = {isa = PBXFileReference; fileEncoding = 4; lastKnownFileType = sourcecode.c.h; path = AZAPicker.h; sourceTree = "<group>"; };
		98E1BACF27E4D08300C6EC42 /* HelperFunctions.swift */ = {isa = PBXFileReference; fileEncoding = 4; lastKnownFileType = sourcecode.swift; path = HelperFunctions.swift; sourceTree = "<group>"; };
		98E1BAD027E4D08300C6EC42 /* AZAPickerConfiguration.swift */ = {isa = PBXFileReference; fileEncoding = 4; lastKnownFileType = sourcecode.swift; path = AZAPickerConfiguration.swift; sourceTree = "<group>"; };
		98E1BAD127E4D08300C6EC42 /* Info.plist */ = {isa = PBXFileReference; fileEncoding = 4; lastKnownFileType = text.plist.xml; path = Info.plist; sourceTree = "<group>"; };
		98E1BADA27E4D09F00C6EC42 /* AZAPickerTests.swift */ = {isa = PBXFileReference; fileEncoding = 4; lastKnownFileType = sourcecode.swift; path = AZAPickerTests.swift; sourceTree = "<group>"; };
		98E1BADB27E4D09F00C6EC42 /* Info.plist */ = {isa = PBXFileReference; fileEncoding = 4; lastKnownFileType = text.plist.xml; path = Info.plist; sourceTree = "<group>"; };
		F94C94551FD16569005A3DF1 /* AZAPicker.framework */ = {isa = PBXFileReference; explicitFileType = wrapper.framework; includeInIndex = 0; path = AZAPicker.framework; sourceTree = BUILT_PRODUCTS_DIR; };
		F94C945E1FD1656A005A3DF1 /* AZAPickerTests.xctest */ = {isa = PBXFileReference; explicitFileType = wrapper.cfbundle; includeInIndex = 0; path = AZAPickerTests.xctest; sourceTree = BUILT_PRODUCTS_DIR; };
/* End PBXFileReference section */

/* Begin PBXFrameworksBuildPhase section */
		F94C94511FD16569005A3DF1 /* Frameworks */ = {
			isa = PBXFrameworksBuildPhase;
			buildActionMask = 2147483647;
			files = (
			);
			runOnlyForDeploymentPostprocessing = 0;
		};
		F94C945B1FD1656A005A3DF1 /* Frameworks */ = {
			isa = PBXFrameworksBuildPhase;
			buildActionMask = 2147483647;
			files = (
				F94C945F1FD1656A005A3DF1 /* AZAPicker.framework in Frameworks */,
			);
			runOnlyForDeploymentPostprocessing = 0;
		};
/* End PBXFrameworksBuildPhase section */

/* Begin PBXGroup section */
		98E1BACA27E4D08300C6EC42 /* Sources */ = {
			isa = PBXGroup;
			children = (
				98E1BACB27E4D08300C6EC42 /* AZAPicker */,
			);
			path = Sources;
			sourceTree = "<group>";
		};
		98E1BACB27E4D08300C6EC42 /* AZAPicker */ = {
			isa = PBXGroup;
			children = (
				98E1BACC27E4D08300C6EC42 /* AZAPicker.swift */,
				98E1BACD27E4D08300C6EC42 /* PickerView.swift */,
				98E1BACE27E4D08300C6EC42 /* AZAPicker.h */,
				98E1BACF27E4D08300C6EC42 /* HelperFunctions.swift */,
				98E1BAD027E4D08300C6EC42 /* AZAPickerConfiguration.swift */,
				98E1BAD127E4D08300C6EC42 /* Info.plist */,
			);
			path = AZAPicker;
			sourceTree = "<group>";
		};
		98E1BAD827E4D09F00C6EC42 /* Tests */ = {
			isa = PBXGroup;
			children = (
				98E1BAD927E4D09F00C6EC42 /* AZAPickerTests */,
			);
			path = Tests;
			sourceTree = "<group>";
		};
		98E1BAD927E4D09F00C6EC42 /* AZAPickerTests */ = {
			isa = PBXGroup;
			children = (
				98E1BADA27E4D09F00C6EC42 /* AZAPickerTests.swift */,
				98E1BADB27E4D09F00C6EC42 /* Info.plist */,
			);
			path = AZAPickerTests;
			sourceTree = "<group>";
		};
		F94C944B1FD16569005A3DF1 = {
			isa = PBXGroup;
			children = (
				98E1BACA27E4D08300C6EC42 /* Sources */,
				98E1BAD827E4D09F00C6EC42 /* Tests */,
				F94C94561FD16569005A3DF1 /* Products */,
			);
			sourceTree = "<group>";
		};
		F94C94561FD16569005A3DF1 /* Products */ = {
			isa = PBXGroup;
			children = (
				F94C94551FD16569005A3DF1 /* AZAPicker.framework */,
				F94C945E1FD1656A005A3DF1 /* AZAPickerTests.xctest */,
			);
			name = Products;
			sourceTree = "<group>";
		};
/* End PBXGroup section */

/* Begin PBXHeadersBuildPhase section */
		F94C94521FD16569005A3DF1 /* Headers */ = {
			isa = PBXHeadersBuildPhase;
			buildActionMask = 2147483647;
			files = (
				98E1BAD427E4D08300C6EC42 /* AZAPicker.h in Headers */,
			);
			runOnlyForDeploymentPostprocessing = 0;
		};
/* End PBXHeadersBuildPhase section */

/* Begin PBXNativeTarget section */
		F94C94541FD16569005A3DF1 /* AZAPicker */ = {
			isa = PBXNativeTarget;
			buildConfigurationList = F94C94691FD1656A005A3DF1 /* Build configuration list for PBXNativeTarget "AZAPicker" */;
			buildPhases = (
				F94C94501FD16569005A3DF1 /* Sources */,
				F94C94511FD16569005A3DF1 /* Frameworks */,
				F94C94521FD16569005A3DF1 /* Headers */,
				F94C94531FD16569005A3DF1 /* Resources */,
			);
			buildRules = (
			);
			dependencies = (
			);
			name = AZAPicker;
			productName = AZAPicker;
			productReference = F94C94551FD16569005A3DF1 /* AZAPicker.framework */;
			productType = "com.apple.product-type.framework";
		};
		F94C945D1FD1656A005A3DF1 /* AZAPickerTests */ = {
			isa = PBXNativeTarget;
			buildConfigurationList = F94C946C1FD1656A005A3DF1 /* Build configuration list for PBXNativeTarget "AZAPickerTests" */;
			buildPhases = (
				F94C945A1FD1656A005A3DF1 /* Sources */,
				F94C945B1FD1656A005A3DF1 /* Frameworks */,
				F94C945C1FD1656A005A3DF1 /* Resources */,
			);
			buildRules = (
			);
			dependencies = (
				F94C94611FD1656A005A3DF1 /* PBXTargetDependency */,
			);
			name = AZAPickerTests;
			productName = AZAPickerTests;
			productReference = F94C945E1FD1656A005A3DF1 /* AZAPickerTests.xctest */;
			productType = "com.apple.product-type.bundle.unit-test";
		};
/* End PBXNativeTarget section */

/* Begin PBXProject section */
		F94C944C1FD16569005A3DF1 /* Project object */ = {
			isa = PBXProject;
			attributes = {
				LastSwiftUpdateCheck = 0910;
				LastUpgradeCheck = 0910;
				ORGANIZATIONNAME = "Avanza Bank AB";
				TargetAttributes = {
					F94C94541FD16569005A3DF1 = {
						CreatedOnToolsVersion = 9.1;
						LastSwiftMigration = 0910;
						ProvisioningStyle = Manual;
					};
					F94C945D1FD1656A005A3DF1 = {
						CreatedOnToolsVersion = 9.1;
						ProvisioningStyle = Automatic;
					};
				};
			};
			buildConfigurationList = F94C944F1FD16569005A3DF1 /* Build configuration list for PBXProject "AZAPicker" */;
			compatibilityVersion = "Xcode 8.0";
			developmentRegion = en;
			hasScannedForEncodings = 0;
			knownRegions = (
				en,
			);
			mainGroup = F94C944B1FD16569005A3DF1;
			productRefGroup = F94C94561FD16569005A3DF1 /* Products */;
			projectDirPath = "";
			projectRoot = "";
			targets = (
				F94C94541FD16569005A3DF1 /* AZAPicker */,
				F94C945D1FD1656A005A3DF1 /* AZAPickerTests */,
			);
		};
/* End PBXProject section */

/* Begin PBXResourcesBuildPhase section */
		F94C94531FD16569005A3DF1 /* Resources */ = {
			isa = PBXResourcesBuildPhase;
			buildActionMask = 2147483647;
			files = (
				98E1BAD727E4D08300C6EC42 /* Info.plist in Resources */,
			);
			runOnlyForDeploymentPostprocessing = 0;
		};
		F94C945C1FD1656A005A3DF1 /* Resources */ = {
			isa = PBXResourcesBuildPhase;
			buildActionMask = 2147483647;
			files = (
				98E1BADD27E4D09F00C6EC42 /* Info.plist in Resources */,
			);
			runOnlyForDeploymentPostprocessing = 0;
		};
/* End PBXResourcesBuildPhase section */

/* Begin PBXSourcesBuildPhase section */
		F94C94501FD16569005A3DF1 /* Sources */ = {
			isa = PBXSourcesBuildPhase;
			buildActionMask = 2147483647;
			files = (
				98E1BAD527E4D08300C6EC42 /* HelperFunctions.swift in Sources */,
				98E1BAD627E4D08300C6EC42 /* AZAPickerConfiguration.swift in Sources */,
				98E1BAD327E4D08300C6EC42 /* PickerView.swift in Sources */,
				98E1BAD227E4D08300C6EC42 /* AZAPicker.swift in Sources */,
			);
			runOnlyForDeploymentPostprocessing = 0;
		};
		F94C945A1FD1656A005A3DF1 /* Sources */ = {
			isa = PBXSourcesBuildPhase;
			buildActionMask = 2147483647;
			files = (
				98E1BADC27E4D09F00C6EC42 /* AZAPickerTests.swift in Sources */,
			);
			runOnlyForDeploymentPostprocessing = 0;
		};
/* End PBXSourcesBuildPhase section */

/* Begin PBXTargetDependency section */
		F94C94611FD1656A005A3DF1 /* PBXTargetDependency */ = {
			isa = PBXTargetDependency;
			target = F94C94541FD16569005A3DF1 /* AZAPicker */;
			targetProxy = F94C94601FD1656A005A3DF1 /* PBXContainerItemProxy */;
		};
/* End PBXTargetDependency section */

/* Begin XCBuildConfiguration section */
		F94C94671FD1656A005A3DF1 /* Debug */ = {
			isa = XCBuildConfiguration;
			buildSettings = {
				ALWAYS_SEARCH_USER_PATHS = NO;
				CLANG_ANALYZER_NONNULL = YES;
				CLANG_ANALYZER_NUMBER_OBJECT_CONVERSION = YES_AGGRESSIVE;
				CLANG_CXX_LANGUAGE_STANDARD = "gnu++14";
				CLANG_CXX_LIBRARY = "libc++";
				CLANG_ENABLE_MODULES = YES;
				CLANG_ENABLE_OBJC_ARC = YES;
				CLANG_WARN_BLOCK_CAPTURE_AUTORELEASING = YES;
				CLANG_WARN_BOOL_CONVERSION = YES;
				CLANG_WARN_COMMA = YES;
				CLANG_WARN_CONSTANT_CONVERSION = YES;
				CLANG_WARN_DIRECT_OBJC_ISA_USAGE = YES_ERROR;
				CLANG_WARN_DOCUMENTATION_COMMENTS = YES;
				CLANG_WARN_EMPTY_BODY = YES;
				CLANG_WARN_ENUM_CONVERSION = YES;
				CLANG_WARN_INFINITE_RECURSION = YES;
				CLANG_WARN_INT_CONVERSION = YES;
				CLANG_WARN_NON_LITERAL_NULL_CONVERSION = YES;
				CLANG_WARN_OBJC_LITERAL_CONVERSION = YES;
				CLANG_WARN_OBJC_ROOT_CLASS = YES_ERROR;
				CLANG_WARN_RANGE_LOOP_ANALYSIS = YES;
				CLANG_WARN_STRICT_PROTOTYPES = YES;
				CLANG_WARN_SUSPICIOUS_MOVE = YES;
				CLANG_WARN_UNGUARDED_AVAILABILITY = YES_AGGRESSIVE;
				CLANG_WARN_UNREACHABLE_CODE = YES;
				CLANG_WARN__DUPLICATE_METHOD_MATCH = YES;
				CODE_SIGN_IDENTITY = "iPhone Developer";
				COPY_PHASE_STRIP = NO;
				CURRENT_PROJECT_VERSION = 1;
				DEBUG_INFORMATION_FORMAT = dwarf;
				ENABLE_STRICT_OBJC_MSGSEND = YES;
				ENABLE_TESTABILITY = YES;
				GCC_C_LANGUAGE_STANDARD = gnu11;
				GCC_DYNAMIC_NO_PIC = NO;
				GCC_NO_COMMON_BLOCKS = YES;
				GCC_OPTIMIZATION_LEVEL = 0;
				GCC_PREPROCESSOR_DEFINITIONS = (
					"DEBUG=1",
					"$(inherited)",
				);
				GCC_WARN_64_TO_32_BIT_CONVERSION = YES;
				GCC_WARN_ABOUT_RETURN_TYPE = YES_ERROR;
				GCC_WARN_UNDECLARED_SELECTOR = YES;
				GCC_WARN_UNINITIALIZED_AUTOS = YES_AGGRESSIVE;
				GCC_WARN_UNUSED_FUNCTION = YES;
				GCC_WARN_UNUSED_VARIABLE = YES;
				IPHONEOS_DEPLOYMENT_TARGET = 11.1;
				MTL_ENABLE_DEBUG_INFO = YES;
				ONLY_ACTIVE_ARCH = YES;
				SDKROOT = iphoneos;
				SWIFT_ACTIVE_COMPILATION_CONDITIONS = DEBUG;
				SWIFT_OPTIMIZATION_LEVEL = "-Onone";
				VERSIONING_SYSTEM = "apple-generic";
				VERSION_INFO_PREFIX = "";
			};
			name = Debug;
		};
		F94C94681FD1656A005A3DF1 /* Release */ = {
			isa = XCBuildConfiguration;
			buildSettings = {
				ALWAYS_SEARCH_USER_PATHS = NO;
				CLANG_ANALYZER_NONNULL = YES;
				CLANG_ANALYZER_NUMBER_OBJECT_CONVERSION = YES_AGGRESSIVE;
				CLANG_CXX_LANGUAGE_STANDARD = "gnu++14";
				CLANG_CXX_LIBRARY = "libc++";
				CLANG_ENABLE_MODULES = YES;
				CLANG_ENABLE_OBJC_ARC = YES;
				CLANG_WARN_BLOCK_CAPTURE_AUTORELEASING = YES;
				CLANG_WARN_BOOL_CONVERSION = YES;
				CLANG_WARN_COMMA = YES;
				CLANG_WARN_CONSTANT_CONVERSION = YES;
				CLANG_WARN_DIRECT_OBJC_ISA_USAGE = YES_ERROR;
				CLANG_WARN_DOCUMENTATION_COMMENTS = YES;
				CLANG_WARN_EMPTY_BODY = YES;
				CLANG_WARN_ENUM_CONVERSION = YES;
				CLANG_WARN_INFINITE_RECURSION = YES;
				CLANG_WARN_INT_CONVERSION = YES;
				CLANG_WARN_NON_LITERAL_NULL_CONVERSION = YES;
				CLANG_WARN_OBJC_LITERAL_CONVERSION = YES;
				CLANG_WARN_OBJC_ROOT_CLASS = YES_ERROR;
				CLANG_WARN_RANGE_LOOP_ANALYSIS = YES;
				CLANG_WARN_STRICT_PROTOTYPES = YES;
				CLANG_WARN_SUSPICIOUS_MOVE = YES;
				CLANG_WARN_UNGUARDED_AVAILABILITY = YES_AGGRESSIVE;
				CLANG_WARN_UNREACHABLE_CODE = YES;
				CLANG_WARN__DUPLICATE_METHOD_MATCH = YES;
				CODE_SIGN_IDENTITY = "iPhone Developer";
				COPY_PHASE_STRIP = NO;
				CURRENT_PROJECT_VERSION = 1;
				DEBUG_INFORMATION_FORMAT = "dwarf-with-dsym";
				ENABLE_NS_ASSERTIONS = NO;
				ENABLE_STRICT_OBJC_MSGSEND = YES;
				GCC_C_LANGUAGE_STANDARD = gnu11;
				GCC_NO_COMMON_BLOCKS = YES;
				GCC_WARN_64_TO_32_BIT_CONVERSION = YES;
				GCC_WARN_ABOUT_RETURN_TYPE = YES_ERROR;
				GCC_WARN_UNDECLARED_SELECTOR = YES;
				GCC_WARN_UNINITIALIZED_AUTOS = YES_AGGRESSIVE;
				GCC_WARN_UNUSED_FUNCTION = YES;
				GCC_WARN_UNUSED_VARIABLE = YES;
				IPHONEOS_DEPLOYMENT_TARGET = 11.1;
				MTL_ENABLE_DEBUG_INFO = NO;
				SDKROOT = iphoneos;
				SWIFT_OPTIMIZATION_LEVEL = "-Owholemodule";
				VALIDATE_PRODUCT = YES;
				VERSIONING_SYSTEM = "apple-generic";
				VERSION_INFO_PREFIX = "";
			};
			name = Release;
		};
		F94C946A1FD1656A005A3DF1 /* Debug */ = {
			isa = XCBuildConfiguration;
			buildSettings = {
				CLANG_ENABLE_MODULES = YES;
				CODE_SIGN_IDENTITY = "";
				CODE_SIGN_STYLE = Manual;
				DEFINES_MODULE = YES;
				DEVELOPMENT_TEAM = "";
				DYLIB_COMPATIBILITY_VERSION = 1;
				DYLIB_CURRENT_VERSION = 1;
				DYLIB_INSTALL_NAME_BASE = "@rpath";
				INFOPLIST_FILE = AZAPicker/Info.plist;
				INSTALL_PATH = "$(LOCAL_LIBRARY_DIR)/Frameworks";
				IPHONEOS_DEPLOYMENT_TARGET = 9.0;
				LD_RUNPATH_SEARCH_PATHS = "$(inherited) @executable_path/Frameworks @loader_path/Frameworks";
				PRODUCT_BUNDLE_IDENTIFIER = se.avanza.AZAPicker;
				PRODUCT_NAME = "$(TARGET_NAME:c99extidentifier)";
				PROVISIONING_PROFILE_SPECIFIER = "";
				SKIP_INSTALL = YES;
				SWIFT_OPTIMIZATION_LEVEL = "-Onone";
				SWIFT_VERSION = 4.0;
				TARGETED_DEVICE_FAMILY = 1;
			};
			name = Debug;
		};
		F94C946B1FD1656A005A3DF1 /* Release */ = {
			isa = XCBuildConfiguration;
			buildSettings = {
				CLANG_ENABLE_MODULES = YES;
				CODE_SIGN_IDENTITY = "";
				CODE_SIGN_STYLE = Manual;
				DEFINES_MODULE = YES;
				DEVELOPMENT_TEAM = "";
				DYLIB_COMPATIBILITY_VERSION = 1;
				DYLIB_CURRENT_VERSION = 1;
				DYLIB_INSTALL_NAME_BASE = "@rpath";
				INFOPLIST_FILE = AZAPicker/Info.plist;
				INSTALL_PATH = "$(LOCAL_LIBRARY_DIR)/Frameworks";
				IPHONEOS_DEPLOYMENT_TARGET = 9.0;
				LD_RUNPATH_SEARCH_PATHS = "$(inherited) @executable_path/Frameworks @loader_path/Frameworks";
				PRODUCT_BUNDLE_IDENTIFIER = se.avanza.AZAPicker;
				PRODUCT_NAME = "$(TARGET_NAME:c99extidentifier)";
				PROVISIONING_PROFILE_SPECIFIER = "";
				SKIP_INSTALL = YES;
				SWIFT_VERSION = 4.0;
				TARGETED_DEVICE_FAMILY = 1;
			};
			name = Release;
		};
		F94C946D1FD1656A005A3DF1 /* Debug */ = {
			isa = XCBuildConfiguration;
			buildSettings = {
				ALWAYS_EMBED_SWIFT_STANDARD_LIBRARIES = YES;
				CODE_SIGN_STYLE = Automatic;
				DEVELOPMENT_TEAM = 4636PUCNC5;
				INFOPLIST_FILE = AZAPickerTests/Info.plist;
				LD_RUNPATH_SEARCH_PATHS = "$(inherited) @executable_path/Frameworks @loader_path/Frameworks";
				PRODUCT_BUNDLE_IDENTIFIER = se.avanza.AZAPickerTests;
				PRODUCT_NAME = "$(TARGET_NAME)";
				SWIFT_VERSION = 4.0;
				TARGETED_DEVICE_FAMILY = "1,2";
			};
			name = Debug;
		};
		F94C946E1FD1656A005A3DF1 /* Release */ = {
			isa = XCBuildConfiguration;
			buildSettings = {
				ALWAYS_EMBED_SWIFT_STANDARD_LIBRARIES = YES;
				CODE_SIGN_STYLE = Automatic;
				DEVELOPMENT_TEAM = 4636PUCNC5;
				INFOPLIST_FILE = AZAPickerTests/Info.plist;
				LD_RUNPATH_SEARCH_PATHS = "$(inherited) @executable_path/Frameworks @loader_path/Frameworks";
				PRODUCT_BUNDLE_IDENTIFIER = se.avanza.AZAPickerTests;
				PRODUCT_NAME = "$(TARGET_NAME)";
				SWIFT_VERSION = 4.0;
				TARGETED_DEVICE_FAMILY = "1,2";
			};
			name = Release;
		};
/* End XCBuildConfiguration section */

/* Begin XCConfigurationList section */
		F94C944F1FD16569005A3DF1 /* Build configuration list for PBXProject "AZAPicker" */ = {
			isa = XCConfigurationList;
			buildConfigurations = (
				F94C94671FD1656A005A3DF1 /* Debug */,
				F94C94681FD1656A005A3DF1 /* Release */,
			);
			defaultConfigurationIsVisible = 0;
			defaultConfigurationName = Release;
		};
		F94C94691FD1656A005A3DF1 /* Build configuration list for PBXNativeTarget "AZAPicker" */ = {
			isa = XCConfigurationList;
			buildConfigurations = (
				F94C946A1FD1656A005A3DF1 /* Debug */,
				F94C946B1FD1656A005A3DF1 /* Release */,
			);
			defaultConfigurationIsVisible = 0;
			defaultConfigurationName = Release;
		};
		F94C946C1FD1656A005A3DF1 /* Build configuration list for PBXNativeTarget "AZAPickerTests" */ = {
			isa = XCConfigurationList;
			buildConfigurations = (
				F94C946D1FD1656A005A3DF1 /* Debug */,
				F94C946E1FD1656A005A3DF1 /* Release */,
			);
			defaultConfigurationIsVisible = 0;
			defaultConfigurationName = Release;
		};
/* End XCConfigurationList section */
	};
	rootObject = F94C944C1FD16569005A3DF1 /* Project object */;
}
